
Microsoft Visual Studio Solution File, Format Version 12.00
# Visual Studio 15
VisualStudioVersion = 15.0.27004.2009
MinimumVisualStudioVersion = 10.0.40219.1
Project("{FAE04EC0-301F-11D3-BF4B-00C04F79EFBC}") = "ShotKeeper", "ShotKeeper\ShotKeeper\ShotKeeper.csproj", "{6204023D-0994-4C6B-B71C-2DB3BD9EA150}"
EndProject
Project("{FAE04EC0-301F-11D3-BF4B-00C04F79EFBC}") = "ShotKeeper.Droid", "ShotKeeper\ShotKeeper.Droid\ShotKeeper.Droid.csproj", "{DD061D27-6F41-4259-96DB-91B0771224E9}"
EndProject
Project("{FAE04EC0-301F-11D3-BF4B-00C04F79EFBC}") = "ShotKeeper.iOS", "ShotKeeper\ShotKeeper.iOS\ShotKeeper.iOS.csproj", "{AE7E8E2B-6A8E-4A4C-A5C1-5379552590BB}"
EndProject
Project("{FAE04EC0-301F-11D3-BF4B-00C04F79EFBC}") = "ShotKeeper.UWP", "ShotKeeper\ShotKeeper.UWP\ShotKeeper.UWP.csproj", "{B66FA6D1-35F1-4D22-B4BF-C0F7677F10B9}"
EndProject
Project("{2150E333-8FDC-42A3-9474-1A3956D46DE8}") = "Tests", "Tests", "{231192F0-A340-419A-A82C-F9D50C7919A3}"
EndProject
Project("{FAE04EC0-301F-11D3-BF4B-00C04F79EFBC}") = "ShotKeeper.Tests", "ShotKeeper\Tests\ShotKeeper.Tests\ShotKeeper.Tests.csproj", "{D5E64F3A-C2F9-48A4-B3CF-769E764B07C8}"
EndProject
Project("{FAE04EC0-301F-11D3-BF4B-00C04F79EFBC}") = "ShotKeeper.Web", "ShotKeeper.Web\ShotKeeper.Web.csproj", "{B6C31D58-5123-443F-AC8F-4843F6ADEC24}"
EndProject
Project("{FAE04EC0-301F-11D3-BF4B-00C04F79EFBC}") = "ShotKeeper.Core", "ShotKeeper.Core\ShotKeeper.Core.csproj", "{6DA40E93-3A76-469F-B321-A4F0F59C08C0}"
EndProject
Global
	GlobalSection(SolutionConfigurationPlatforms) = preSolution
		Ad-Hoc|Any CPU = Ad-Hoc|Any CPU
		Ad-Hoc|ARM = Ad-Hoc|ARM
		Ad-Hoc|iPhone = Ad-Hoc|iPhone
		Ad-Hoc|iPhoneSimulator = Ad-Hoc|iPhoneSimulator
		Ad-Hoc|x64 = Ad-Hoc|x64
		Ad-Hoc|x86 = Ad-Hoc|x86
		AppStore|Any CPU = AppStore|Any CPU
		AppStore|ARM = AppStore|ARM
		AppStore|iPhone = AppStore|iPhone
		AppStore|iPhoneSimulator = AppStore|iPhoneSimulator
		AppStore|x64 = AppStore|x64
		AppStore|x86 = AppStore|x86
		Debug|Any CPU = Debug|Any CPU
		Debug|ARM = Debug|ARM
		Debug|iPhone = Debug|iPhone
		Debug|iPhoneSimulator = Debug|iPhoneSimulator
		Debug|x64 = Debug|x64
		Debug|x86 = Debug|x86
		Release|Any CPU = Release|Any CPU
		Release|ARM = Release|ARM
		Release|iPhone = Release|iPhone
		Release|iPhoneSimulator = Release|iPhoneSimulator
		Release|x64 = Release|x64
		Release|x86 = Release|x86
	EndGlobalSection
	GlobalSection(ProjectConfigurationPlatforms) = postSolution
		{6204023D-0994-4C6B-B71C-2DB3BD9EA150}.Ad-Hoc|Any CPU.ActiveCfg = Release|Any CPU
		{6204023D-0994-4C6B-B71C-2DB3BD9EA150}.Ad-Hoc|Any CPU.Build.0 = Release|Any CPU
		{6204023D-0994-4C6B-B71C-2DB3BD9EA150}.Ad-Hoc|ARM.ActiveCfg = Release|Any CPU
		{6204023D-0994-4C6B-B71C-2DB3BD9EA150}.Ad-Hoc|ARM.Build.0 = Release|Any CPU
		{6204023D-0994-4C6B-B71C-2DB3BD9EA150}.Ad-Hoc|iPhone.ActiveCfg = Release|Any CPU
		{6204023D-0994-4C6B-B71C-2DB3BD9EA150}.Ad-Hoc|iPhone.Build.0 = Release|Any CPU
		{6204023D-0994-4C6B-B71C-2DB3BD9EA150}.Ad-Hoc|iPhoneSimulator.ActiveCfg = Release|Any CPU
		{6204023D-0994-4C6B-B71C-2DB3BD9EA150}.Ad-Hoc|iPhoneSimulator.Build.0 = Release|Any CPU
		{6204023D-0994-4C6B-B71C-2DB3BD9EA150}.Ad-Hoc|x64.ActiveCfg = Release|Any CPU
		{6204023D-0994-4C6B-B71C-2DB3BD9EA150}.Ad-Hoc|x64.Build.0 = Release|Any CPU
		{6204023D-0994-4C6B-B71C-2DB3BD9EA150}.Ad-Hoc|x86.ActiveCfg = Release|Any CPU
		{6204023D-0994-4C6B-B71C-2DB3BD9EA150}.Ad-Hoc|x86.Build.0 = Release|Any CPU
		{6204023D-0994-4C6B-B71C-2DB3BD9EA150}.AppStore|Any CPU.ActiveCfg = Release|Any CPU
		{6204023D-0994-4C6B-B71C-2DB3BD9EA150}.AppStore|Any CPU.Build.0 = Release|Any CPU
		{6204023D-0994-4C6B-B71C-2DB3BD9EA150}.AppStore|ARM.ActiveCfg = Release|Any CPU
		{6204023D-0994-4C6B-B71C-2DB3BD9EA150}.AppStore|ARM.Build.0 = Release|Any CPU
		{6204023D-0994-4C6B-B71C-2DB3BD9EA150}.AppStore|iPhone.ActiveCfg = Release|Any CPU
		{6204023D-0994-4C6B-B71C-2DB3BD9EA150}.AppStore|iPhone.Build.0 = Release|Any CPU
		{6204023D-0994-4C6B-B71C-2DB3BD9EA150}.AppStore|iPhoneSimulator.ActiveCfg = Release|Any CPU
		{6204023D-0994-4C6B-B71C-2DB3BD9EA150}.AppStore|iPhoneSimulator.Build.0 = Release|Any CPU
		{6204023D-0994-4C6B-B71C-2DB3BD9EA150}.AppStore|x64.ActiveCfg = Release|Any CPU
		{6204023D-0994-4C6B-B71C-2DB3BD9EA150}.AppStore|x64.Build.0 = Release|Any CPU
		{6204023D-0994-4C6B-B71C-2DB3BD9EA150}.AppStore|x86.ActiveCfg = Release|Any CPU
		{6204023D-0994-4C6B-B71C-2DB3BD9EA150}.AppStore|x86.Build.0 = Release|Any CPU
		{6204023D-0994-4C6B-B71C-2DB3BD9EA150}.Debug|Any CPU.ActiveCfg = Debug|Any CPU
		{6204023D-0994-4C6B-B71C-2DB3BD9EA150}.Debug|Any CPU.Build.0 = Debug|Any CPU
		{6204023D-0994-4C6B-B71C-2DB3BD9EA150}.Debug|ARM.ActiveCfg = Debug|Any CPU
		{6204023D-0994-4C6B-B71C-2DB3BD9EA150}.Debug|ARM.Build.0 = Debug|Any CPU
		{6204023D-0994-4C6B-B71C-2DB3BD9EA150}.Debug|iPhone.ActiveCfg = Debug|Any CPU
		{6204023D-0994-4C6B-B71C-2DB3BD9EA150}.Debug|iPhone.Build.0 = Debug|Any CPU
		{6204023D-0994-4C6B-B71C-2DB3BD9EA150}.Debug|iPhoneSimulator.ActiveCfg = Debug|Any CPU
		{6204023D-0994-4C6B-B71C-2DB3BD9EA150}.Debug|iPhoneSimulator.Build.0 = Debug|Any CPU
		{6204023D-0994-4C6B-B71C-2DB3BD9EA150}.Debug|x64.ActiveCfg = Debug|Any CPU
		{6204023D-0994-4C6B-B71C-2DB3BD9EA150}.Debug|x64.Build.0 = Debug|Any CPU
		{6204023D-0994-4C6B-B71C-2DB3BD9EA150}.Debug|x86.ActiveCfg = Debug|Any CPU
		{6204023D-0994-4C6B-B71C-2DB3BD9EA150}.Debug|x86.Build.0 = Debug|Any CPU
		{6204023D-0994-4C6B-B71C-2DB3BD9EA150}.Release|Any CPU.ActiveCfg = Release|Any CPU
		{6204023D-0994-4C6B-B71C-2DB3BD9EA150}.Release|Any CPU.Build.0 = Release|Any CPU
		{6204023D-0994-4C6B-B71C-2DB3BD9EA150}.Release|ARM.ActiveCfg = Release|Any CPU
		{6204023D-0994-4C6B-B71C-2DB3BD9EA150}.Release|ARM.Build.0 = Release|Any CPU
		{6204023D-0994-4C6B-B71C-2DB3BD9EA150}.Release|iPhone.ActiveCfg = Release|Any CPU
		{6204023D-0994-4C6B-B71C-2DB3BD9EA150}.Release|iPhone.Build.0 = Release|Any CPU
		{6204023D-0994-4C6B-B71C-2DB3BD9EA150}.Release|iPhoneSimulator.ActiveCfg = Release|Any CPU
		{6204023D-0994-4C6B-B71C-2DB3BD9EA150}.Release|iPhoneSimulator.Build.0 = Release|Any CPU
		{6204023D-0994-4C6B-B71C-2DB3BD9EA150}.Release|x64.ActiveCfg = Release|Any CPU
		{6204023D-0994-4C6B-B71C-2DB3BD9EA150}.Release|x64.Build.0 = Release|Any CPU
		{6204023D-0994-4C6B-B71C-2DB3BD9EA150}.Release|x86.ActiveCfg = Release|Any CPU
		{6204023D-0994-4C6B-B71C-2DB3BD9EA150}.Release|x86.Build.0 = Release|Any CPU
		{DD061D27-6F41-4259-96DB-91B0771224E9}.Ad-Hoc|Any CPU.ActiveCfg = Release|Any CPU
		{DD061D27-6F41-4259-96DB-91B0771224E9}.Ad-Hoc|Any CPU.Build.0 = Release|Any CPU
		{DD061D27-6F41-4259-96DB-91B0771224E9}.Ad-Hoc|Any CPU.Deploy.0 = Release|Any CPU
		{DD061D27-6F41-4259-96DB-91B0771224E9}.Ad-Hoc|ARM.ActiveCfg = Release|Any CPU
		{DD061D27-6F41-4259-96DB-91B0771224E9}.Ad-Hoc|ARM.Build.0 = Release|Any CPU
		{DD061D27-6F41-4259-96DB-91B0771224E9}.Ad-Hoc|ARM.Deploy.0 = Release|Any CPU
		{DD061D27-6F41-4259-96DB-91B0771224E9}.Ad-Hoc|iPhone.ActiveCfg = Release|Any CPU
		{DD061D27-6F41-4259-96DB-91B0771224E9}.Ad-Hoc|iPhone.Build.0 = Release|Any CPU
		{DD061D27-6F41-4259-96DB-91B0771224E9}.Ad-Hoc|iPhone.Deploy.0 = Release|Any CPU
		{DD061D27-6F41-4259-96DB-91B0771224E9}.Ad-Hoc|iPhoneSimulator.ActiveCfg = Release|Any CPU
		{DD061D27-6F41-4259-96DB-91B0771224E9}.Ad-Hoc|iPhoneSimulator.Build.0 = Release|Any CPU
		{DD061D27-6F41-4259-96DB-91B0771224E9}.Ad-Hoc|iPhoneSimulator.Deploy.0 = Release|Any CPU
		{DD061D27-6F41-4259-96DB-91B0771224E9}.Ad-Hoc|x64.ActiveCfg = Release|Any CPU
		{DD061D27-6F41-4259-96DB-91B0771224E9}.Ad-Hoc|x64.Build.0 = Release|Any CPU
		{DD061D27-6F41-4259-96DB-91B0771224E9}.Ad-Hoc|x64.Deploy.0 = Release|Any CPU
		{DD061D27-6F41-4259-96DB-91B0771224E9}.Ad-Hoc|x86.ActiveCfg = Release|Any CPU
		{DD061D27-6F41-4259-96DB-91B0771224E9}.Ad-Hoc|x86.Build.0 = Release|Any CPU
		{DD061D27-6F41-4259-96DB-91B0771224E9}.Ad-Hoc|x86.Deploy.0 = Release|Any CPU
		{DD061D27-6F41-4259-96DB-91B0771224E9}.AppStore|Any CPU.ActiveCfg = Release|Any CPU
		{DD061D27-6F41-4259-96DB-91B0771224E9}.AppStore|Any CPU.Build.0 = Release|Any CPU
		{DD061D27-6F41-4259-96DB-91B0771224E9}.AppStore|Any CPU.Deploy.0 = Release|Any CPU
		{DD061D27-6F41-4259-96DB-91B0771224E9}.AppStore|ARM.ActiveCfg = Release|Any CPU
		{DD061D27-6F41-4259-96DB-91B0771224E9}.AppStore|ARM.Build.0 = Release|Any CPU
		{DD061D27-6F41-4259-96DB-91B0771224E9}.AppStore|ARM.Deploy.0 = Release|Any CPU
		{DD061D27-6F41-4259-96DB-91B0771224E9}.AppStore|iPhone.ActiveCfg = Release|Any CPU
		{DD061D27-6F41-4259-96DB-91B0771224E9}.AppStore|iPhone.Build.0 = Release|Any CPU
		{DD061D27-6F41-4259-96DB-91B0771224E9}.AppStore|iPhone.Deploy.0 = Release|Any CPU
		{DD061D27-6F41-4259-96DB-91B0771224E9}.AppStore|iPhoneSimulator.ActiveCfg = Release|Any CPU
		{DD061D27-6F41-4259-96DB-91B0771224E9}.AppStore|iPhoneSimulator.Build.0 = Release|Any CPU
		{DD061D27-6F41-4259-96DB-91B0771224E9}.AppStore|iPhoneSimulator.Deploy.0 = Release|Any CPU
		{DD061D27-6F41-4259-96DB-91B0771224E9}.AppStore|x64.ActiveCfg = Release|Any CPU
		{DD061D27-6F41-4259-96DB-91B0771224E9}.AppStore|x64.Build.0 = Release|Any CPU
		{DD061D27-6F41-4259-96DB-91B0771224E9}.AppStore|x64.Deploy.0 = Release|Any CPU
		{DD061D27-6F41-4259-96DB-91B0771224E9}.AppStore|x86.ActiveCfg = Release|Any CPU
		{DD061D27-6F41-4259-96DB-91B0771224E9}.AppStore|x86.Build.0 = Release|Any CPU
		{DD061D27-6F41-4259-96DB-91B0771224E9}.AppStore|x86.Deploy.0 = Release|Any CPU
		{DD061D27-6F41-4259-96DB-91B0771224E9}.Debug|Any CPU.ActiveCfg = Debug|Any CPU
		{DD061D27-6F41-4259-96DB-91B0771224E9}.Debug|Any CPU.Build.0 = Debug|Any CPU
		{DD061D27-6F41-4259-96DB-91B0771224E9}.Debug|Any CPU.Deploy.0 = Debug|Any CPU
		{DD061D27-6F41-4259-96DB-91B0771224E9}.Debug|ARM.ActiveCfg = Debug|Any CPU
		{DD061D27-6F41-4259-96DB-91B0771224E9}.Debug|ARM.Build.0 = Debug|Any CPU
		{DD061D27-6F41-4259-96DB-91B0771224E9}.Debug|ARM.Deploy.0 = Debug|Any CPU
		{DD061D27-6F41-4259-96DB-91B0771224E9}.Debug|iPhone.ActiveCfg = Debug|Any CPU
		{DD061D27-6F41-4259-96DB-91B0771224E9}.Debug|iPhone.Build.0 = Debug|Any CPU
		{DD061D27-6F41-4259-96DB-91B0771224E9}.Debug|iPhone.Deploy.0 = Debug|Any CPU
		{DD061D27-6F41-4259-96DB-91B0771224E9}.Debug|iPhoneSimulator.ActiveCfg = Debug|Any CPU
		{DD061D27-6F41-4259-96DB-91B0771224E9}.Debug|iPhoneSimulator.Build.0 = Debug|Any CPU
		{DD061D27-6F41-4259-96DB-91B0771224E9}.Debug|iPhoneSimulator.Deploy.0 = Debug|Any CPU
		{DD061D27-6F41-4259-96DB-91B0771224E9}.Debug|x64.ActiveCfg = Debug|Any CPU
		{DD061D27-6F41-4259-96DB-91B0771224E9}.Debug|x64.Build.0 = Debug|Any CPU
		{DD061D27-6F41-4259-96DB-91B0771224E9}.Debug|x64.Deploy.0 = Debug|Any CPU
		{DD061D27-6F41-4259-96DB-91B0771224E9}.Debug|x86.ActiveCfg = Debug|Any CPU
		{DD061D27-6F41-4259-96DB-91B0771224E9}.Debug|x86.Build.0 = Debug|Any CPU
		{DD061D27-6F41-4259-96DB-91B0771224E9}.Debug|x86.Deploy.0 = Debug|Any CPU
		{DD061D27-6F41-4259-96DB-91B0771224E9}.Release|Any CPU.ActiveCfg = Release|Any CPU
		{DD061D27-6F41-4259-96DB-91B0771224E9}.Release|Any CPU.Build.0 = Release|Any CPU
		{DD061D27-6F41-4259-96DB-91B0771224E9}.Release|Any CPU.Deploy.0 = Release|Any CPU
		{DD061D27-6F41-4259-96DB-91B0771224E9}.Release|ARM.ActiveCfg = Release|Any CPU
		{DD061D27-6F41-4259-96DB-91B0771224E9}.Release|ARM.Build.0 = Release|Any CPU
		{DD061D27-6F41-4259-96DB-91B0771224E9}.Release|ARM.Deploy.0 = Release|Any CPU
		{DD061D27-6F41-4259-96DB-91B0771224E9}.Release|iPhone.ActiveCfg = Release|Any CPU
		{DD061D27-6F41-4259-96DB-91B0771224E9}.Release|iPhone.Build.0 = Release|Any CPU
		{DD061D27-6F41-4259-96DB-91B0771224E9}.Release|iPhone.Deploy.0 = Release|Any CPU
		{DD061D27-6F41-4259-96DB-91B0771224E9}.Release|iPhoneSimulator.ActiveCfg = Release|Any CPU
		{DD061D27-6F41-4259-96DB-91B0771224E9}.Release|iPhoneSimulator.Build.0 = Release|Any CPU
		{DD061D27-6F41-4259-96DB-91B0771224E9}.Release|iPhoneSimulator.Deploy.0 = Release|Any CPU
		{DD061D27-6F41-4259-96DB-91B0771224E9}.Release|x64.ActiveCfg = Release|Any CPU
		{DD061D27-6F41-4259-96DB-91B0771224E9}.Release|x64.Build.0 = Release|Any CPU
		{DD061D27-6F41-4259-96DB-91B0771224E9}.Release|x64.Deploy.0 = Release|Any CPU
		{DD061D27-6F41-4259-96DB-91B0771224E9}.Release|x86.ActiveCfg = Release|Any CPU
		{DD061D27-6F41-4259-96DB-91B0771224E9}.Release|x86.Build.0 = Release|Any CPU
		{DD061D27-6F41-4259-96DB-91B0771224E9}.Release|x86.Deploy.0 = Release|Any CPU
		{AE7E8E2B-6A8E-4A4C-A5C1-5379552590BB}.Ad-Hoc|Any CPU.ActiveCfg = Ad-Hoc|iPhone
		{AE7E8E2B-6A8E-4A4C-A5C1-5379552590BB}.Ad-Hoc|ARM.ActiveCfg = Ad-Hoc|iPhone
		{AE7E8E2B-6A8E-4A4C-A5C1-5379552590BB}.Ad-Hoc|iPhone.ActiveCfg = Ad-Hoc|iPhone
		{AE7E8E2B-6A8E-4A4C-A5C1-5379552590BB}.Ad-Hoc|iPhone.Build.0 = Ad-Hoc|iPhone
		{AE7E8E2B-6A8E-4A4C-A5C1-5379552590BB}.Ad-Hoc|iPhoneSimulator.ActiveCfg = Ad-Hoc|iPhoneSimulator
		{AE7E8E2B-6A8E-4A4C-A5C1-5379552590BB}.Ad-Hoc|iPhoneSimulator.Build.0 = Ad-Hoc|iPhoneSimulator
		{AE7E8E2B-6A8E-4A4C-A5C1-5379552590BB}.Ad-Hoc|x64.ActiveCfg = Ad-Hoc|iPhone
		{AE7E8E2B-6A8E-4A4C-A5C1-5379552590BB}.Ad-Hoc|x86.ActiveCfg = Ad-Hoc|iPhone
		{AE7E8E2B-6A8E-4A4C-A5C1-5379552590BB}.AppStore|Any CPU.ActiveCfg = AppStore|iPhone
		{AE7E8E2B-6A8E-4A4C-A5C1-5379552590BB}.AppStore|ARM.ActiveCfg = AppStore|iPhone
		{AE7E8E2B-6A8E-4A4C-A5C1-5379552590BB}.AppStore|iPhone.ActiveCfg = AppStore|iPhone
		{AE7E8E2B-6A8E-4A4C-A5C1-5379552590BB}.AppStore|iPhone.Build.0 = AppStore|iPhone
		{AE7E8E2B-6A8E-4A4C-A5C1-5379552590BB}.AppStore|iPhoneSimulator.ActiveCfg = AppStore|iPhoneSimulator
		{AE7E8E2B-6A8E-4A4C-A5C1-5379552590BB}.AppStore|iPhoneSimulator.Build.0 = AppStore|iPhoneSimulator
		{AE7E8E2B-6A8E-4A4C-A5C1-5379552590BB}.AppStore|x64.ActiveCfg = AppStore|iPhone
		{AE7E8E2B-6A8E-4A4C-A5C1-5379552590BB}.AppStore|x86.ActiveCfg = AppStore|iPhone
		{AE7E8E2B-6A8E-4A4C-A5C1-5379552590BB}.Debug|Any CPU.ActiveCfg = Debug|iPhone
		{AE7E8E2B-6A8E-4A4C-A5C1-5379552590BB}.Debug|ARM.ActiveCfg = Debug|iPhone
		{AE7E8E2B-6A8E-4A4C-A5C1-5379552590BB}.Debug|iPhone.ActiveCfg = Debug|iPhone
		{AE7E8E2B-6A8E-4A4C-A5C1-5379552590BB}.Debug|iPhone.Build.0 = Debug|iPhone
		{AE7E8E2B-6A8E-4A4C-A5C1-5379552590BB}.Debug|iPhoneSimulator.ActiveCfg = Debug|iPhoneSimulator
		{AE7E8E2B-6A8E-4A4C-A5C1-5379552590BB}.Debug|iPhoneSimulator.Build.0 = Debug|iPhoneSimulator
		{AE7E8E2B-6A8E-4A4C-A5C1-5379552590BB}.Debug|x64.ActiveCfg = Debug|iPhone
		{AE7E8E2B-6A8E-4A4C-A5C1-5379552590BB}.Debug|x86.ActiveCfg = Debug|iPhone
		{AE7E8E2B-6A8E-4A4C-A5C1-5379552590BB}.Release|Any CPU.ActiveCfg = Release|iPhone
		{AE7E8E2B-6A8E-4A4C-A5C1-5379552590BB}.Release|ARM.ActiveCfg = Release|iPhone
		{AE7E8E2B-6A8E-4A4C-A5C1-5379552590BB}.Release|iPhone.ActiveCfg = Release|iPhone
		{AE7E8E2B-6A8E-4A4C-A5C1-5379552590BB}.Release|iPhone.Build.0 = Release|iPhone
		{AE7E8E2B-6A8E-4A4C-A5C1-5379552590BB}.Release|iPhoneSimulator.ActiveCfg = Release|iPhoneSimulator
		{AE7E8E2B-6A8E-4A4C-A5C1-5379552590BB}.Release|iPhoneSimulator.Build.0 = Release|iPhoneSimulator
		{AE7E8E2B-6A8E-4A4C-A5C1-5379552590BB}.Release|x64.ActiveCfg = Release|iPhone
		{AE7E8E2B-6A8E-4A4C-A5C1-5379552590BB}.Release|x86.ActiveCfg = Release|iPhone
		{B66FA6D1-35F1-4D22-B4BF-C0F7677F10B9}.Ad-Hoc|Any CPU.ActiveCfg = Release|x86
		{B66FA6D1-35F1-4D22-B4BF-C0F7677F10B9}.Ad-Hoc|Any CPU.Build.0 = Release|x86
		{B66FA6D1-35F1-4D22-B4BF-C0F7677F10B9}.Ad-Hoc|Any CPU.Deploy.0 = Release|x86
		{B66FA6D1-35F1-4D22-B4BF-C0F7677F10B9}.Ad-Hoc|ARM.ActiveCfg = Release|ARM
		{B66FA6D1-35F1-4D22-B4BF-C0F7677F10B9}.Ad-Hoc|ARM.Build.0 = Release|ARM
		{B66FA6D1-35F1-4D22-B4BF-C0F7677F10B9}.Ad-Hoc|ARM.Deploy.0 = Release|ARM
		{B66FA6D1-35F1-4D22-B4BF-C0F7677F10B9}.Ad-Hoc|iPhone.ActiveCfg = Release|x86
		{B66FA6D1-35F1-4D22-B4BF-C0F7677F10B9}.Ad-Hoc|iPhone.Build.0 = Release|x86
		{B66FA6D1-35F1-4D22-B4BF-C0F7677F10B9}.Ad-Hoc|iPhone.Deploy.0 = Release|x86
		{B66FA6D1-35F1-4D22-B4BF-C0F7677F10B9}.Ad-Hoc|iPhoneSimulator.ActiveCfg = Release|x86
		{B66FA6D1-35F1-4D22-B4BF-C0F7677F10B9}.Ad-Hoc|iPhoneSimulator.Build.0 = Release|x86
		{B66FA6D1-35F1-4D22-B4BF-C0F7677F10B9}.Ad-Hoc|iPhoneSimulator.Deploy.0 = Release|x86
		{B66FA6D1-35F1-4D22-B4BF-C0F7677F10B9}.Ad-Hoc|x64.ActiveCfg = Release|x64
		{B66FA6D1-35F1-4D22-B4BF-C0F7677F10B9}.Ad-Hoc|x64.Build.0 = Release|x64
		{B66FA6D1-35F1-4D22-B4BF-C0F7677F10B9}.Ad-Hoc|x64.Deploy.0 = Release|x64
		{B66FA6D1-35F1-4D22-B4BF-C0F7677F10B9}.Ad-Hoc|x86.ActiveCfg = Release|x86
		{B66FA6D1-35F1-4D22-B4BF-C0F7677F10B9}.Ad-Hoc|x86.Build.0 = Release|x86
		{B66FA6D1-35F1-4D22-B4BF-C0F7677F10B9}.Ad-Hoc|x86.Deploy.0 = Release|x86
		{B66FA6D1-35F1-4D22-B4BF-C0F7677F10B9}.AppStore|Any CPU.ActiveCfg = Release|x86
		{B66FA6D1-35F1-4D22-B4BF-C0F7677F10B9}.AppStore|Any CPU.Build.0 = Release|x86
		{B66FA6D1-35F1-4D22-B4BF-C0F7677F10B9}.AppStore|Any CPU.Deploy.0 = Release|x86
		{B66FA6D1-35F1-4D22-B4BF-C0F7677F10B9}.AppStore|ARM.ActiveCfg = Release|ARM
		{B66FA6D1-35F1-4D22-B4BF-C0F7677F10B9}.AppStore|ARM.Build.0 = Release|ARM
		{B66FA6D1-35F1-4D22-B4BF-C0F7677F10B9}.AppStore|ARM.Deploy.0 = Release|ARM
		{B66FA6D1-35F1-4D22-B4BF-C0F7677F10B9}.AppStore|iPhone.ActiveCfg = Release|x86
		{B66FA6D1-35F1-4D22-B4BF-C0F7677F10B9}.AppStore|iPhone.Build.0 = Release|x86
		{B66FA6D1-35F1-4D22-B4BF-C0F7677F10B9}.AppStore|iPhone.Deploy.0 = Release|x86
		{B66FA6D1-35F1-4D22-B4BF-C0F7677F10B9}.AppStore|iPhoneSimulator.ActiveCfg = Release|x86
		{B66FA6D1-35F1-4D22-B4BF-C0F7677F10B9}.AppStore|iPhoneSimulator.Build.0 = Release|x86
		{B66FA6D1-35F1-4D22-B4BF-C0F7677F10B9}.AppStore|iPhoneSimulator.Deploy.0 = Release|x86
		{B66FA6D1-35F1-4D22-B4BF-C0F7677F10B9}.AppStore|x64.ActiveCfg = Release|x64
		{B66FA6D1-35F1-4D22-B4BF-C0F7677F10B9}.AppStore|x64.Build.0 = Release|x64
		{B66FA6D1-35F1-4D22-B4BF-C0F7677F10B9}.AppStore|x64.Deploy.0 = Release|x64
		{B66FA6D1-35F1-4D22-B4BF-C0F7677F10B9}.AppStore|x86.ActiveCfg = Release|x86
		{B66FA6D1-35F1-4D22-B4BF-C0F7677F10B9}.AppStore|x86.Build.0 = Release|x86
		{B66FA6D1-35F1-4D22-B4BF-C0F7677F10B9}.AppStore|x86.Deploy.0 = Release|x86
		{B66FA6D1-35F1-4D22-B4BF-C0F7677F10B9}.Debug|Any CPU.ActiveCfg = Debug|x86
		{B66FA6D1-35F1-4D22-B4BF-C0F7677F10B9}.Debug|Any CPU.Build.0 = Debug|x86
		{B66FA6D1-35F1-4D22-B4BF-C0F7677F10B9}.Debug|Any CPU.Deploy.0 = Debug|x86
		{B66FA6D1-35F1-4D22-B4BF-C0F7677F10B9}.Debug|ARM.ActiveCfg = Debug|ARM
		{B66FA6D1-35F1-4D22-B4BF-C0F7677F10B9}.Debug|ARM.Build.0 = Debug|ARM
		{B66FA6D1-35F1-4D22-B4BF-C0F7677F10B9}.Debug|ARM.Deploy.0 = Debug|ARM
		{B66FA6D1-35F1-4D22-B4BF-C0F7677F10B9}.Debug|iPhone.ActiveCfg = Debug|x86
		{B66FA6D1-35F1-4D22-B4BF-C0F7677F10B9}.Debug|iPhone.Build.0 = Debug|x86
		{B66FA6D1-35F1-4D22-B4BF-C0F7677F10B9}.Debug|iPhone.Deploy.0 = Debug|x86
		{B66FA6D1-35F1-4D22-B4BF-C0F7677F10B9}.Debug|iPhoneSimulator.ActiveCfg = Debug|x86
		{B66FA6D1-35F1-4D22-B4BF-C0F7677F10B9}.Debug|x64.ActiveCfg = Debug|x64
		{B66FA6D1-35F1-4D22-B4BF-C0F7677F10B9}.Debug|x64.Build.0 = Debug|x64
		{B66FA6D1-35F1-4D22-B4BF-C0F7677F10B9}.Debug|x64.Deploy.0 = Debug|x64
		{B66FA6D1-35F1-4D22-B4BF-C0F7677F10B9}.Debug|x86.ActiveCfg = Debug|x86
		{B66FA6D1-35F1-4D22-B4BF-C0F7677F10B9}.Debug|x86.Build.0 = Debug|x86
		{B66FA6D1-35F1-4D22-B4BF-C0F7677F10B9}.Debug|x86.Deploy.0 = Debug|x86
		{B66FA6D1-35F1-4D22-B4BF-C0F7677F10B9}.Release|Any CPU.ActiveCfg = Release|x86
		{B66FA6D1-35F1-4D22-B4BF-C0F7677F10B9}.Release|ARM.ActiveCfg = Release|ARM
		{B66FA6D1-35F1-4D22-B4BF-C0F7677F10B9}.Release|ARM.Build.0 = Release|ARM
		{B66FA6D1-35F1-4D22-B4BF-C0F7677F10B9}.Release|ARM.Deploy.0 = Release|ARM
		{B66FA6D1-35F1-4D22-B4BF-C0F7677F10B9}.Release|iPhone.ActiveCfg = Release|x86
		{B66FA6D1-35F1-4D22-B4BF-C0F7677F10B9}.Release|iPhoneSimulator.ActiveCfg = Release|x86
		{B66FA6D1-35F1-4D22-B4BF-C0F7677F10B9}.Release|x64.ActiveCfg = Release|x64
		{B66FA6D1-35F1-4D22-B4BF-C0F7677F10B9}.Release|x64.Build.0 = Release|x64
		{B66FA6D1-35F1-4D22-B4BF-C0F7677F10B9}.Release|x64.Deploy.0 = Release|x64
		{B66FA6D1-35F1-4D22-B4BF-C0F7677F10B9}.Release|x86.ActiveCfg = Release|x86
		{B66FA6D1-35F1-4D22-B4BF-C0F7677F10B9}.Release|x86.Build.0 = Release|x86
		{B66FA6D1-35F1-4D22-B4BF-C0F7677F10B9}.Release|x86.Deploy.0 = Release|x86
		{D5E64F3A-C2F9-48A4-B3CF-769E764B07C8}.Ad-Hoc|Any CPU.ActiveCfg = Release|Any CPU
		{D5E64F3A-C2F9-48A4-B3CF-769E764B07C8}.Ad-Hoc|Any CPU.Build.0 = Release|Any CPU
		{D5E64F3A-C2F9-48A4-B3CF-769E764B07C8}.Ad-Hoc|ARM.ActiveCfg = Release|Any CPU
		{D5E64F3A-C2F9-48A4-B3CF-769E764B07C8}.Ad-Hoc|ARM.Build.0 = Release|Any CPU
		{D5E64F3A-C2F9-48A4-B3CF-769E764B07C8}.Ad-Hoc|iPhone.ActiveCfg = Release|Any CPU
		{D5E64F3A-C2F9-48A4-B3CF-769E764B07C8}.Ad-Hoc|iPhone.Build.0 = Release|Any CPU
		{D5E64F3A-C2F9-48A4-B3CF-769E764B07C8}.Ad-Hoc|iPhoneSimulator.ActiveCfg = Release|Any CPU
		{D5E64F3A-C2F9-48A4-B3CF-769E764B07C8}.Ad-Hoc|iPhoneSimulator.Build.0 = Release|Any CPU
		{D5E64F3A-C2F9-48A4-B3CF-769E764B07C8}.Ad-Hoc|x64.ActiveCfg = Release|Any CPU
		{D5E64F3A-C2F9-48A4-B3CF-769E764B07C8}.Ad-Hoc|x64.Build.0 = Release|Any CPU
		{D5E64F3A-C2F9-48A4-B3CF-769E764B07C8}.Ad-Hoc|x86.ActiveCfg = Release|Any CPU
		{D5E64F3A-C2F9-48A4-B3CF-769E764B07C8}.Ad-Hoc|x86.Build.0 = Release|Any CPU
		{D5E64F3A-C2F9-48A4-B3CF-769E764B07C8}.AppStore|Any CPU.ActiveCfg = Release|Any CPU
		{D5E64F3A-C2F9-48A4-B3CF-769E764B07C8}.AppStore|Any CPU.Build.0 = Release|Any CPU
		{D5E64F3A-C2F9-48A4-B3CF-769E764B07C8}.AppStore|ARM.ActiveCfg = Release|Any CPU
		{D5E64F3A-C2F9-48A4-B3CF-769E764B07C8}.AppStore|ARM.Build.0 = Release|Any CPU
		{D5E64F3A-C2F9-48A4-B3CF-769E764B07C8}.AppStore|iPhone.ActiveCfg = Release|Any CPU
		{D5E64F3A-C2F9-48A4-B3CF-769E764B07C8}.AppStore|iPhone.Build.0 = Release|Any CPU
		{D5E64F3A-C2F9-48A4-B3CF-769E764B07C8}.AppStore|iPhoneSimulator.ActiveCfg = Release|Any CPU
		{D5E64F3A-C2F9-48A4-B3CF-769E764B07C8}.AppStore|iPhoneSimulator.Build.0 = Release|Any CPU
		{D5E64F3A-C2F9-48A4-B3CF-769E764B07C8}.AppStore|x64.ActiveCfg = Release|Any CPU
		{D5E64F3A-C2F9-48A4-B3CF-769E764B07C8}.AppStore|x64.Build.0 = Release|Any CPU
		{D5E64F3A-C2F9-48A4-B3CF-769E764B07C8}.AppStore|x86.ActiveCfg = Release|Any CPU
		{D5E64F3A-C2F9-48A4-B3CF-769E764B07C8}.AppStore|x86.Build.0 = Release|Any CPU
		{D5E64F3A-C2F9-48A4-B3CF-769E764B07C8}.Debug|Any CPU.ActiveCfg = Debug|Any CPU
		{D5E64F3A-C2F9-48A4-B3CF-769E764B07C8}.Debug|Any CPU.Build.0 = Debug|Any CPU
		{D5E64F3A-C2F9-48A4-B3CF-769E764B07C8}.Debug|ARM.ActiveCfg = Debug|Any CPU
		{D5E64F3A-C2F9-48A4-B3CF-769E764B07C8}.Debug|ARM.Build.0 = Debug|Any CPU
		{D5E64F3A-C2F9-48A4-B3CF-769E764B07C8}.Debug|iPhone.ActiveCfg = Debug|Any CPU
		{D5E64F3A-C2F9-48A4-B3CF-769E764B07C8}.Debug|iPhone.Build.0 = Debug|Any CPU
		{D5E64F3A-C2F9-48A4-B3CF-769E764B07C8}.Debug|iPhoneSimulator.ActiveCfg = Debug|Any CPU
		{D5E64F3A-C2F9-48A4-B3CF-769E764B07C8}.Debug|iPhoneSimulator.Build.0 = Debug|Any CPU
		{D5E64F3A-C2F9-48A4-B3CF-769E764B07C8}.Debug|x64.ActiveCfg = Debug|Any CPU
		{D5E64F3A-C2F9-48A4-B3CF-769E764B07C8}.Debug|x64.Build.0 = Debug|Any CPU
		{D5E64F3A-C2F9-48A4-B3CF-769E764B07C8}.Debug|x86.ActiveCfg = Debug|Any CPU
		{D5E64F3A-C2F9-48A4-B3CF-769E764B07C8}.Debug|x86.Build.0 = Debug|Any CPU
		{D5E64F3A-C2F9-48A4-B3CF-769E764B07C8}.Release|Any CPU.ActiveCfg = Release|Any CPU
		{D5E64F3A-C2F9-48A4-B3CF-769E764B07C8}.Release|Any CPU.Build.0 = Release|Any CPU
		{D5E64F3A-C2F9-48A4-B3CF-769E764B07C8}.Release|ARM.ActiveCfg = Release|Any CPU
		{D5E64F3A-C2F9-48A4-B3CF-769E764B07C8}.Release|ARM.Build.0 = Release|Any CPU
		{D5E64F3A-C2F9-48A4-B3CF-769E764B07C8}.Release|iPhone.ActiveCfg = Release|Any CPU
		{D5E64F3A-C2F9-48A4-B3CF-769E764B07C8}.Release|iPhone.Build.0 = Release|Any CPU
		{D5E64F3A-C2F9-48A4-B3CF-769E764B07C8}.Release|iPhoneSimulator.ActiveCfg = Release|Any CPU
		{D5E64F3A-C2F9-48A4-B3CF-769E764B07C8}.Release|iPhoneSimulator.Build.0 = Release|Any CPU
		{D5E64F3A-C2F9-48A4-B3CF-769E764B07C8}.Release|x64.ActiveCfg = Release|Any CPU
		{D5E64F3A-C2F9-48A4-B3CF-769E764B07C8}.Release|x64.Build.0 = Release|Any CPU
		{D5E64F3A-C2F9-48A4-B3CF-769E764B07C8}.Release|x86.ActiveCfg = Release|Any CPU
		{D5E64F3A-C2F9-48A4-B3CF-769E764B07C8}.Release|x86.Build.0 = Release|Any CPU
		{B6C31D58-5123-443F-AC8F-4843F6ADEC24}.Ad-Hoc|Any CPU.ActiveCfg = Debug|Any CPU
		{B6C31D58-5123-443F-AC8F-4843F6ADEC24}.Ad-Hoc|Any CPU.Build.0 = Debug|Any CPU
		{B6C31D58-5123-443F-AC8F-4843F6ADEC24}.Ad-Hoc|ARM.ActiveCfg = Debug|Any CPU
		{B6C31D58-5123-443F-AC8F-4843F6ADEC24}.Ad-Hoc|ARM.Build.0 = Debug|Any CPU
		{B6C31D58-5123-443F-AC8F-4843F6ADEC24}.Ad-Hoc|iPhone.ActiveCfg = Debug|Any CPU
		{B6C31D58-5123-443F-AC8F-4843F6ADEC24}.Ad-Hoc|iPhone.Build.0 = Debug|Any CPU
		{B6C31D58-5123-443F-AC8F-4843F6ADEC24}.Ad-Hoc|iPhoneSimulator.ActiveCfg = Debug|Any CPU
		{B6C31D58-5123-443F-AC8F-4843F6ADEC24}.Ad-Hoc|iPhoneSimulator.Build.0 = Debug|Any CPU
		{B6C31D58-5123-443F-AC8F-4843F6ADEC24}.Ad-Hoc|x64.ActiveCfg = Debug|Any CPU
		{B6C31D58-5123-443F-AC8F-4843F6ADEC24}.Ad-Hoc|x64.Build.0 = Debug|Any CPU
		{B6C31D58-5123-443F-AC8F-4843F6ADEC24}.Ad-Hoc|x86.ActiveCfg = Debug|Any CPU
		{B6C31D58-5123-443F-AC8F-4843F6ADEC24}.Ad-Hoc|x86.Build.0 = Debug|Any CPU
		{B6C31D58-5123-443F-AC8F-4843F6ADEC24}.AppStore|Any CPU.ActiveCfg = Debug|Any CPU
		{B6C31D58-5123-443F-AC8F-4843F6ADEC24}.AppStore|Any CPU.Build.0 = Debug|Any CPU
		{B6C31D58-5123-443F-AC8F-4843F6ADEC24}.AppStore|ARM.ActiveCfg = Debug|Any CPU
		{B6C31D58-5123-443F-AC8F-4843F6ADEC24}.AppStore|ARM.Build.0 = Debug|Any CPU
		{B6C31D58-5123-443F-AC8F-4843F6ADEC24}.AppStore|iPhone.ActiveCfg = Debug|Any CPU
		{B6C31D58-5123-443F-AC8F-4843F6ADEC24}.AppStore|iPhone.Build.0 = Debug|Any CPU
		{B6C31D58-5123-443F-AC8F-4843F6ADEC24}.AppStore|iPhoneSimulator.ActiveCfg = Debug|Any CPU
		{B6C31D58-5123-443F-AC8F-4843F6ADEC24}.AppStore|iPhoneSimulator.Build.0 = Debug|Any CPU
		{B6C31D58-5123-443F-AC8F-4843F6ADEC24}.AppStore|x64.ActiveCfg = Debug|Any CPU
		{B6C31D58-5123-443F-AC8F-4843F6ADEC24}.AppStore|x64.Build.0 = Debug|Any CPU
		{B6C31D58-5123-443F-AC8F-4843F6ADEC24}.AppStore|x86.ActiveCfg = Debug|Any CPU
		{B6C31D58-5123-443F-AC8F-4843F6ADEC24}.AppStore|x86.Build.0 = Debug|Any CPU
		{B6C31D58-5123-443F-AC8F-4843F6ADEC24}.Debug|Any CPU.ActiveCfg = Debug|Any CPU
		{B6C31D58-5123-443F-AC8F-4843F6ADEC24}.Debug|Any CPU.Build.0 = Debug|Any CPU
		{B6C31D58-5123-443F-AC8F-4843F6ADEC24}.Debug|ARM.ActiveCfg = Debug|Any CPU
		{B6C31D58-5123-443F-AC8F-4843F6ADEC24}.Debug|ARM.Build.0 = Debug|Any CPU
		{B6C31D58-5123-443F-AC8F-4843F6ADEC24}.Debug|iPhone.ActiveCfg = Debug|Any CPU
		{B6C31D58-5123-443F-AC8F-4843F6ADEC24}.Debug|iPhone.Build.0 = Debug|Any CPU
		{B6C31D58-5123-443F-AC8F-4843F6ADEC24}.Debug|iPhoneSimulator.ActiveCfg = Debug|Any CPU
		{B6C31D58-5123-443F-AC8F-4843F6ADEC24}.Debug|iPhoneSimulator.Build.0 = Debug|Any CPU
		{B6C31D58-5123-443F-AC8F-4843F6ADEC24}.Debug|x64.ActiveCfg = Debug|Any CPU
		{B6C31D58-5123-443F-AC8F-4843F6ADEC24}.Debug|x64.Build.0 = Debug|Any CPU
		{B6C31D58-5123-443F-AC8F-4843F6ADEC24}.Debug|x86.ActiveCfg = Debug|Any CPU
		{B6C31D58-5123-443F-AC8F-4843F6ADEC24}.Debug|x86.Build.0 = Debug|Any CPU
		{B6C31D58-5123-443F-AC8F-4843F6ADEC24}.Release|Any CPU.ActiveCfg = Release|Any CPU
		{B6C31D58-5123-443F-AC8F-4843F6ADEC24}.Release|Any CPU.Build.0 = Release|Any CPU
		{B6C31D58-5123-443F-AC8F-4843F6ADEC24}.Release|ARM.ActiveCfg = Release|Any CPU
		{B6C31D58-5123-443F-AC8F-4843F6ADEC24}.Release|ARM.Build.0 = Release|Any CPU
		{B6C31D58-5123-443F-AC8F-4843F6ADEC24}.Release|iPhone.ActiveCfg = Release|Any CPU
		{B6C31D58-5123-443F-AC8F-4843F6ADEC24}.Release|iPhone.Build.0 = Release|Any CPU
		{B6C31D58-5123-443F-AC8F-4843F6ADEC24}.Release|iPhoneSimulator.ActiveCfg = Release|Any CPU
		{B6C31D58-5123-443F-AC8F-4843F6ADEC24}.Release|iPhoneSimulator.Build.0 = Release|Any CPU
		{B6C31D58-5123-443F-AC8F-4843F6ADEC24}.Release|x64.ActiveCfg = Release|Any CPU
		{B6C31D58-5123-443F-AC8F-4843F6ADEC24}.Release|x64.Build.0 = Release|Any CPU
		{B6C31D58-5123-443F-AC8F-4843F6ADEC24}.Release|x86.ActiveCfg = Release|Any CPU
		{B6C31D58-5123-443F-AC8F-4843F6ADEC24}.Release|x86.Build.0 = Release|Any CPU
		{6DA40E93-3A76-469F-B321-A4F0F59C08C0}.Ad-Hoc|Any CPU.ActiveCfg = Debug|Any CPU
		{6DA40E93-3A76-469F-B321-A4F0F59C08C0}.Ad-Hoc|Any CPU.Build.0 = Debug|Any CPU
		{6DA40E93-3A76-469F-B321-A4F0F59C08C0}.Ad-Hoc|ARM.ActiveCfg = Debug|Any CPU
		{6DA40E93-3A76-469F-B321-A4F0F59C08C0}.Ad-Hoc|ARM.Build.0 = Debug|Any CPU
		{6DA40E93-3A76-469F-B321-A4F0F59C08C0}.Ad-Hoc|iPhone.ActiveCfg = Debug|Any CPU
		{6DA40E93-3A76-469F-B321-A4F0F59C08C0}.Ad-Hoc|iPhone.Build.0 = Debug|Any CPU
		{6DA40E93-3A76-469F-B321-A4F0F59C08C0}.Ad-Hoc|iPhoneSimulator.ActiveCfg = Debug|Any CPU
		{6DA40E93-3A76-469F-B321-A4F0F59C08C0}.Ad-Hoc|iPhoneSimulator.Build.0 = Debug|Any CPU
		{6DA40E93-3A76-469F-B321-A4F0F59C08C0}.Ad-Hoc|x64.ActiveCfg = Debug|Any CPU
		{6DA40E93-3A76-469F-B321-A4F0F59C08C0}.Ad-Hoc|x64.Build.0 = Debug|Any CPU
		{6DA40E93-3A76-469F-B321-A4F0F59C08C0}.Ad-Hoc|x86.ActiveCfg = Debug|Any CPU
		{6DA40E93-3A76-469F-B321-A4F0F59C08C0}.Ad-Hoc|x86.Build.0 = Debug|Any CPU
		{6DA40E93-3A76-469F-B321-A4F0F59C08C0}.AppStore|Any CPU.ActiveCfg = Debug|Any CPU
		{6DA40E93-3A76-469F-B321-A4F0F59C08C0}.AppStore|Any CPU.Build.0 = Debug|Any CPU
		{6DA40E93-3A76-469F-B321-A4F0F59C08C0}.AppStore|ARM.ActiveCfg = Debug|Any CPU
		{6DA40E93-3A76-469F-B321-A4F0F59C08C0}.AppStore|ARM.Build.0 = Debug|Any CPU
		{6DA40E93-3A76-469F-B321-A4F0F59C08C0}.AppStore|iPhone.ActiveCfg = Debug|Any CPU
		{6DA40E93-3A76-469F-B321-A4F0F59C08C0}.AppStore|iPhone.Build.0 = Debug|Any CPU
		{6DA40E93-3A76-469F-B321-A4F0F59C08C0}.AppStore|iPhoneSimulator.ActiveCfg = Debug|Any CPU
		{6DA40E93-3A76-469F-B321-A4F0F59C08C0}.AppStore|iPhoneSimulator.Build.0 = Debug|Any CPU
		{6DA40E93-3A76-469F-B321-A4F0F59C08C0}.AppStore|x64.ActiveCfg = Debug|Any CPU
		{6DA40E93-3A76-469F-B321-A4F0F59C08C0}.AppStore|x64.Build.0 = Debug|Any CPU
		{6DA40E93-3A76-469F-B321-A4F0F59C08C0}.AppStore|x86.ActiveCfg = Debug|Any CPU
		{6DA40E93-3A76-469F-B321-A4F0F59C08C0}.AppStore|x86.Build.0 = Debug|Any CPU
		{6DA40E93-3A76-469F-B321-A4F0F59C08C0}.Debug|Any CPU.ActiveCfg = Debug|Any CPU
		{6DA40E93-3A76-469F-B321-A4F0F59C08C0}.Debug|Any CPU.Build.0 = Debug|Any CPU
		{6DA40E93-3A76-469F-B321-A4F0F59C08C0}.Debug|ARM.ActiveCfg = Debug|Any CPU
		{6DA40E93-3A76-469F-B321-A4F0F59C08C0}.Debug|ARM.Build.0 = Debug|Any CPU
		{6DA40E93-3A76-469F-B321-A4F0F59C08C0}.Debug|iPhone.ActiveCfg = Debug|Any CPU
		{6DA40E93-3A76-469F-B321-A4F0F59C08C0}.Debug|iPhone.Build.0 = Debug|Any CPU
		{6DA40E93-3A76-469F-B321-A4F0F59C08C0}.Debug|iPhoneSimulator.ActiveCfg = Debug|Any CPU
		{6DA40E93-3A76-469F-B321-A4F0F59C08C0}.Debug|iPhoneSimulator.Build.0 = Debug|Any CPU
		{6DA40E93-3A76-469F-B321-A4F0F59C08C0}.Debug|x64.ActiveCfg = Debug|Any CPU
		{6DA40E93-3A76-469F-B321-A4F0F59C08C0}.Debug|x64.Build.0 = Debug|Any CPU
		{6DA40E93-3A76-469F-B321-A4F0F59C08C0}.Debug|x86.ActiveCfg = Debug|Any CPU
		{6DA40E93-3A76-469F-B321-A4F0F59C08C0}.Debug|x86.Build.0 = Debug|Any CPU
		{6DA40E93-3A76-469F-B321-A4F0F59C08C0}.Release|Any CPU.ActiveCfg = Release|Any CPU
		{6DA40E93-3A76-469F-B321-A4F0F59C08C0}.Release|Any CPU.Build.0 = Release|Any CPU
		{6DA40E93-3A76-469F-B321-A4F0F59C08C0}.Release|ARM.ActiveCfg = Release|Any CPU
		{6DA40E93-3A76-469F-B321-A4F0F59C08C0}.Release|ARM.Build.0 = Release|Any CPU
		{6DA40E93-3A76-469F-B321-A4F0F59C08C0}.Release|iPhone.ActiveCfg = Release|Any CPU
		{6DA40E93-3A76-469F-B321-A4F0F59C08C0}.Release|iPhone.Build.0 = Release|Any CPU
		{6DA40E93-3A76-469F-B321-A4F0F59C08C0}.Release|iPhoneSimulator.ActiveCfg = Release|Any CPU
		{6DA40E93-3A76-469F-B321-A4F0F59C08C0}.Release|iPhoneSimulator.Build.0 = Release|Any CPU
		{6DA40E93-3A76-469F-B321-A4F0F59C08C0}.Release|x64.ActiveCfg = Release|Any CPU
		{6DA40E93-3A76-469F-B321-A4F0F59C08C0}.Release|x64.Build.0 = Release|Any CPU
		{6DA40E93-3A76-469F-B321-A4F0F59C08C0}.Release|x86.ActiveCfg = Release|Any CPU
		{6DA40E93-3A76-469F-B321-A4F0F59C08C0}.Release|x86.Build.0 = Release|Any CPU
	EndGlobalSection
	GlobalSection(SolutionProperties) = preSolution
		HideSolutionNode = FALSE
	EndGlobalSection
	GlobalSection(NestedProjects) = preSolution
		{D5E64F3A-C2F9-48A4-B3CF-769E764B07C8} = {231192F0-A340-419A-A82C-F9D50C7919A3}
	EndGlobalSection
	GlobalSection(ExtensibilityGlobals) = postSolution
		SolutionGuid = {DB743863-EB78-4E3E-816C-C64DFA56B41C}
	EndGlobalSection
EndGlobal
